
Microsoft Visual Studio Solution File, Format Version 12.00
# Visual Studio Version 16
VisualStudioVersion = 16.0.28803.202
MinimumVisualStudioVersion = 10.0.40219.1
Project("{FAE04EC0-301F-11D3-BF4B-00C04F79EFBC}") = "addressbook-web-tests", "addressbook-web-tests.csproj", "{878F87F0-435A-4E79-B1AA-5F71B39F3A51}"
EndProject
Global
	GlobalSection(SolutionConfigurationPlatforms) = preSolution
		Debug|Any CPU = Debug|Any CPU
		Release|Any CPU = Release|Any CPU
	EndGlobalSection
	GlobalSection(ProjectConfigurationPlatforms) = postSolution
		{878F87F0-435A-4E79-B1AA-5F71B39F3A51}.Debug|Any CPU.ActiveCfg = Debug|Any CPU
		{878F87F0-435A-4E79-B1AA-5F71B39F3A51}.Debug|Any CPU.Build.0 = Debug|Any CPU
		{878F87F0-435A-4E79-B1AA-5F71B39F3A51}.Release|Any CPU.ActiveCfg = Release|Any CPU
		{878F87F0-435A-4E79-B1AA-5F71B39F3A51}.Release|Any CPU.Build.0 = Release|Any CPU
	EndGlobalSection
	GlobalSection(SolutionProperties) = preSolution
		HideSolutionNode = FALSE
	EndGlobalSection
	GlobalSection(ExtensibilityGlobals) = postSolution
		SolutionGuid = {7B04BC78-85AD-44BB-87F1-68625570C8E4}
	EndGlobalSection
EndGlobal
